
Microsoft Visual Studio Solution File, Format Version 12.00
# Visual Studio Version 17
VisualStudioVersion = 17.10.34928.147
MinimumVisualStudioVersion = 10.0.40219.1
Project("{9A19103F-16F7-4668-BE54-9A1E7A4F7556}") = "LiteGraph", "LiteGraph\LiteGraph.csproj", "{530AA793-5D92-401D-BF77-4C5199E7C1A8}"
EndProject
Project("{9A19103F-16F7-4668-BE54-9A1E7A4F7556}") = "Test", "Test\Test.csproj", "{F30D39C7-B0F1-4FB4-831F-52D49616EACC}"
EndProject
Project("{9A19103F-16F7-4668-BE54-9A1E7A4F7556}") = "LiteGraph.Server", "LiteGraph.Server\LiteGraph.Server.csproj", "{5DAF0F2C-6C68-4DF5-A901-62BFD44FC55A}"
EndProject
Project("{FAE04EC0-301F-11D3-BF4B-00C04F79EFBC}") = "Test.RamDatabase", "Test.RamDatabase\Test.RamDatabase.csproj", "{5449BE30-6E41-473F-9BFE-262B916FB787}"
EndProject
Project("{FAE04EC0-301F-11D3-BF4B-00C04F79EFBC}") = "Test.VectorSearch", "Test.VectorSearch\Test.VectorSearch.csproj", "{B56C3C67-F68F-4635-B9E0-199DEA34A3A8}"
EndProject
Project("{FAE04EC0-301F-11D3-BF4B-00C04F79EFBC}") = "Test.VectorIndexImplementation", "Test.VectorIndexImplementation\Test.VectorIndexImplementation.csproj", "{3391CFCA-0E14-4B65-92BC-DAF371FAC8BD}"
EndProject
Project("{FAE04EC0-301F-11D3-BF4B-00C04F79EFBC}") = "Test.VectorIndexSearch", "Test.VectorIndexSearch\Test.VectorIndexSearch.csproj", "{C71CAC61-6601-43A0-A377-67EB5A65FD42}"
EndProject
Project("{FAE04EC0-301F-11D3-BF4B-00C04F79EFBC}") = "Test.Enumeration", "Test.Enumeration\Test.Enumeration.csproj", "{FEE57770-060E-428C-B4E7-907A51F0F146}"
EndProject
Project("{FAE04EC0-301F-11D3-BF4B-00C04F79EFBC}") = "Test.Automated", "Test.Automated\Test.Automated.csproj", "{D8386E4B-7744-4A65-928B-E22D85699916}"
EndProject
Project("{FAE04EC0-301F-11D3-BF4B-00C04F79EFBC}") = "LiteGraph.McpServer", "LiteGraph.McpServer\LiteGraph.McpServer.csproj", "{EB1E4922-9C90-2500-FF06-AFC1502A5D63}"
EndProject
Global
	GlobalSection(SolutionConfigurationPlatforms) = preSolution
		Debug|Any CPU = Debug|Any CPU
		Debug|x64 = Debug|x64
		Debug|x86 = Debug|x86
		Release|Any CPU = Release|Any CPU
		Release|x64 = Release|x64
		Release|x86 = Release|x86
	EndGlobalSection
	GlobalSection(ProjectConfigurationPlatforms) = postSolution
		{530AA793-5D92-401D-BF77-4C5199E7C1A8}.Debug|Any CPU.ActiveCfg = Debug|Any CPU
		{530AA793-5D92-401D-BF77-4C5199E7C1A8}.Debug|Any CPU.Build.0 = Debug|Any CPU
		{530AA793-5D92-401D-BF77-4C5199E7C1A8}.Debug|x64.ActiveCfg = Debug|Any CPU
		{530AA793-5D92-401D-BF77-4C5199E7C1A8}.Debug|x64.Build.0 = Debug|Any CPU
		{530AA793-5D92-401D-BF77-4C5199E7C1A8}.Debug|x86.ActiveCfg = Debug|Any CPU
		{530AA793-5D92-401D-BF77-4C5199E7C1A8}.Debug|x86.Build.0 = Debug|Any CPU
		{530AA793-5D92-401D-BF77-4C5199E7C1A8}.Release|Any CPU.ActiveCfg = Release|Any CPU
		{530AA793-5D92-401D-BF77-4C5199E7C1A8}.Release|Any CPU.Build.0 = Release|Any CPU
		{530AA793-5D92-401D-BF77-4C5199E7C1A8}.Release|x64.ActiveCfg = Release|Any CPU
		{530AA793-5D92-401D-BF77-4C5199E7C1A8}.Release|x64.Build.0 = Release|Any CPU
		{530AA793-5D92-401D-BF77-4C5199E7C1A8}.Release|x86.ActiveCfg = Release|Any CPU
		{530AA793-5D92-401D-BF77-4C5199E7C1A8}.Release|x86.Build.0 = Release|Any CPU
		{F30D39C7-B0F1-4FB4-831F-52D49616EACC}.Debug|Any CPU.ActiveCfg = Debug|Any CPU
		{F30D39C7-B0F1-4FB4-831F-52D49616EACC}.Debug|Any CPU.Build.0 = Debug|Any CPU
		{F30D39C7-B0F1-4FB4-831F-52D49616EACC}.Debug|x64.ActiveCfg = Debug|Any CPU
		{F30D39C7-B0F1-4FB4-831F-52D49616EACC}.Debug|x64.Build.0 = Debug|Any CPU
		{F30D39C7-B0F1-4FB4-831F-52D49616EACC}.Debug|x86.ActiveCfg = Debug|Any CPU
		{F30D39C7-B0F1-4FB4-831F-52D49616EACC}.Debug|x86.Build.0 = Debug|Any CPU
		{F30D39C7-B0F1-4FB4-831F-52D49616EACC}.Release|Any CPU.ActiveCfg = Release|Any CPU
		{F30D39C7-B0F1-4FB4-831F-52D49616EACC}.Release|Any CPU.Build.0 = Release|Any CPU
		{F30D39C7-B0F1-4FB4-831F-52D49616EACC}.Release|x64.ActiveCfg = Release|Any CPU
		{F30D39C7-B0F1-4FB4-831F-52D49616EACC}.Release|x64.Build.0 = Release|Any CPU
		{F30D39C7-B0F1-4FB4-831F-52D49616EACC}.Release|x86.ActiveCfg = Release|Any CPU
		{F30D39C7-B0F1-4FB4-831F-52D49616EACC}.Release|x86.Build.0 = Release|Any CPU
		{5DAF0F2C-6C68-4DF5-A901-62BFD44FC55A}.Debug|Any CPU.ActiveCfg = Debug|Any CPU
		{5DAF0F2C-6C68-4DF5-A901-62BFD44FC55A}.Debug|Any CPU.Build.0 = Debug|Any CPU
		{5DAF0F2C-6C68-4DF5-A901-62BFD44FC55A}.Debug|x64.ActiveCfg = Debug|Any CPU
		{5DAF0F2C-6C68-4DF5-A901-62BFD44FC55A}.Debug|x64.Build.0 = Debug|Any CPU
		{5DAF0F2C-6C68-4DF5-A901-62BFD44FC55A}.Debug|x86.ActiveCfg = Debug|Any CPU
		{5DAF0F2C-6C68-4DF5-A901-62BFD44FC55A}.Debug|x86.Build.0 = Debug|Any CPU
		{5DAF0F2C-6C68-4DF5-A901-62BFD44FC55A}.Release|Any CPU.ActiveCfg = Release|Any CPU
		{5DAF0F2C-6C68-4DF5-A901-62BFD44FC55A}.Release|Any CPU.Build.0 = Release|Any CPU
		{5DAF0F2C-6C68-4DF5-A901-62BFD44FC55A}.Release|x64.ActiveCfg = Release|Any CPU
		{5DAF0F2C-6C68-4DF5-A901-62BFD44FC55A}.Release|x64.Build.0 = Release|Any CPU
		{5DAF0F2C-6C68-4DF5-A901-62BFD44FC55A}.Release|x86.ActiveCfg = Release|Any CPU
		{5DAF0F2C-6C68-4DF5-A901-62BFD44FC55A}.Release|x86.Build.0 = Release|Any CPU
		{5449BE30-6E41-473F-9BFE-262B916FB787}.Debug|Any CPU.ActiveCfg = Debug|Any CPU
		{5449BE30-6E41-473F-9BFE-262B916FB787}.Debug|Any CPU.Build.0 = Debug|Any CPU
		{5449BE30-6E41-473F-9BFE-262B916FB787}.Debug|x64.ActiveCfg = Debug|Any CPU
		{5449BE30-6E41-473F-9BFE-262B916FB787}.Debug|x64.Build.0 = Debug|Any CPU
		{5449BE30-6E41-473F-9BFE-262B916FB787}.Debug|x86.ActiveCfg = Debug|Any CPU
		{5449BE30-6E41-473F-9BFE-262B916FB787}.Debug|x86.Build.0 = Debug|Any CPU
		{5449BE30-6E41-473F-9BFE-262B916FB787}.Release|Any CPU.ActiveCfg = Release|Any CPU
		{5449BE30-6E41-473F-9BFE-262B916FB787}.Release|Any CPU.Build.0 = Release|Any CPU
		{5449BE30-6E41-473F-9BFE-262B916FB787}.Release|x64.ActiveCfg = Release|Any CPU
		{5449BE30-6E41-473F-9BFE-262B916FB787}.Release|x64.Build.0 = Release|Any CPU
		{5449BE30-6E41-473F-9BFE-262B916FB787}.Release|x86.ActiveCfg = Release|Any CPU
		{5449BE30-6E41-473F-9BFE-262B916FB787}.Release|x86.Build.0 = Release|Any CPU
		{B56C3C67-F68F-4635-B9E0-199DEA34A3A8}.Debug|Any CPU.ActiveCfg = Debug|Any CPU
		{B56C3C67-F68F-4635-B9E0-199DEA34A3A8}.Debug|Any CPU.Build.0 = Debug|Any CPU
		{B56C3C67-F68F-4635-B9E0-199DEA34A3A8}.Debug|x64.ActiveCfg = Debug|Any CPU
		{B56C3C67-F68F-4635-B9E0-199DEA34A3A8}.Debug|x64.Build.0 = Debug|Any CPU
		{B56C3C67-F68F-4635-B9E0-199DEA34A3A8}.Debug|x86.ActiveCfg = Debug|Any CPU
		{B56C3C67-F68F-4635-B9E0-199DEA34A3A8}.Debug|x86.Build.0 = Debug|Any CPU
		{B56C3C67-F68F-4635-B9E0-199DEA34A3A8}.Release|Any CPU.ActiveCfg = Release|Any CPU
		{B56C3C67-F68F-4635-B9E0-199DEA34A3A8}.Release|Any CPU.Build.0 = Release|Any CPU
		{B56C3C67-F68F-4635-B9E0-199DEA34A3A8}.Release|x64.ActiveCfg = Release|Any CPU
		{B56C3C67-F68F-4635-B9E0-199DEA34A3A8}.Release|x64.Build.0 = Release|Any CPU
		{B56C3C67-F68F-4635-B9E0-199DEA34A3A8}.Release|x86.ActiveCfg = Release|Any CPU
		{B56C3C67-F68F-4635-B9E0-199DEA34A3A8}.Release|x86.Build.0 = Release|Any CPU
		{3391CFCA-0E14-4B65-92BC-DAF371FAC8BD}.Debug|Any CPU.ActiveCfg = Debug|Any CPU
		{3391CFCA-0E14-4B65-92BC-DAF371FAC8BD}.Debug|Any CPU.Build.0 = Debug|Any CPU
		{3391CFCA-0E14-4B65-92BC-DAF371FAC8BD}.Debug|x64.ActiveCfg = Debug|Any CPU
		{3391CFCA-0E14-4B65-92BC-DAF371FAC8BD}.Debug|x64.Build.0 = Debug|Any CPU
		{3391CFCA-0E14-4B65-92BC-DAF371FAC8BD}.Debug|x86.ActiveCfg = Debug|Any CPU
		{3391CFCA-0E14-4B65-92BC-DAF371FAC8BD}.Debug|x86.Build.0 = Debug|Any CPU
		{3391CFCA-0E14-4B65-92BC-DAF371FAC8BD}.Release|Any CPU.ActiveCfg = Release|Any CPU
		{3391CFCA-0E14-4B65-92BC-DAF371FAC8BD}.Release|Any CPU.Build.0 = Release|Any CPU
		{3391CFCA-0E14-4B65-92BC-DAF371FAC8BD}.Release|x64.ActiveCfg = Release|Any CPU
		{3391CFCA-0E14-4B65-92BC-DAF371FAC8BD}.Release|x64.Build.0 = Release|Any CPU
		{3391CFCA-0E14-4B65-92BC-DAF371FAC8BD}.Release|x86.ActiveCfg = Release|Any CPU
		{3391CFCA-0E14-4B65-92BC-DAF371FAC8BD}.Release|x86.Build.0 = Release|Any CPU
		{C71CAC61-6601-43A0-A377-67EB5A65FD42}.Debug|Any CPU.ActiveCfg = Debug|Any CPU
		{C71CAC61-6601-43A0-A377-67EB5A65FD42}.Debug|Any CPU.Build.0 = Debug|Any CPU
		{C71CAC61-6601-43A0-A377-67EB5A65FD42}.Debug|x64.ActiveCfg = Debug|Any CPU
		{C71CAC61-6601-43A0-A377-67EB5A65FD42}.Debug|x64.Build.0 = Debug|Any CPU
		{C71CAC61-6601-43A0-A377-67EB5A65FD42}.Debug|x86.ActiveCfg = Debug|Any CPU
		{C71CAC61-6601-43A0-A377-67EB5A65FD42}.Debug|x86.Build.0 = Debug|Any CPU
		{C71CAC61-6601-43A0-A377-67EB5A65FD42}.Release|Any CPU.ActiveCfg = Release|Any CPU
		{C71CAC61-6601-43A0-A377-67EB5A65FD42}.Release|Any CPU.Build.0 = Release|Any CPU
		{C71CAC61-6601-43A0-A377-67EB5A65FD42}.Release|x64.ActiveCfg = Release|Any CPU
		{C71CAC61-6601-43A0-A377-67EB5A65FD42}.Release|x64.Build.0 = Release|Any CPU
		{C71CAC61-6601-43A0-A377-67EB5A65FD42}.Release|x86.ActiveCfg = Release|Any CPU
		{C71CAC61-6601-43A0-A377-67EB5A65FD42}.Release|x86.Build.0 = Release|Any CPU
		{FEE57770-060E-428C-B4E7-907A51F0F146}.Debug|Any CPU.ActiveCfg = Debug|Any CPU
		{FEE57770-060E-428C-B4E7-907A51F0F146}.Debug|Any CPU.Build.0 = Debug|Any CPU
		{FEE57770-060E-428C-B4E7-907A51F0F146}.Debug|x64.ActiveCfg = Debug|Any CPU
		{FEE57770-060E-428C-B4E7-907A51F0F146}.Debug|x64.Build.0 = Debug|Any CPU
		{FEE57770-060E-428C-B4E7-907A51F0F146}.Debug|x86.ActiveCfg = Debug|Any CPU
		{FEE57770-060E-428C-B4E7-907A51F0F146}.Debug|x86.Build.0 = Debug|Any CPU
		{FEE57770-060E-428C-B4E7-907A51F0F146}.Release|Any CPU.ActiveCfg = Release|Any CPU
		{FEE57770-060E-428C-B4E7-907A51F0F146}.Release|Any CPU.Build.0 = Release|Any CPU
		{FEE57770-060E-428C-B4E7-907A51F0F146}.Release|x64.ActiveCfg = Release|Any CPU
		{FEE57770-060E-428C-B4E7-907A51F0F146}.Release|x64.Build.0 = Release|Any CPU
		{FEE57770-060E-428C-B4E7-907A51F0F146}.Release|x86.ActiveCfg = Release|Any CPU
		{FEE57770-060E-428C-B4E7-907A51F0F146}.Release|x86.Build.0 = Release|Any CPU
		{D8386E4B-7744-4A65-928B-E22D85699916}.Debug|Any CPU.ActiveCfg = Debug|Any CPU
		{D8386E4B-7744-4A65-928B-E22D85699916}.Debug|Any CPU.Build.0 = Debug|Any CPU
		{D8386E4B-7744-4A65-928B-E22D85699916}.Debug|x64.ActiveCfg = Debug|Any CPU
		{D8386E4B-7744-4A65-928B-E22D85699916}.Debug|x64.Build.0 = Debug|Any CPU
		{D8386E4B-7744-4A65-928B-E22D85699916}.Debug|x86.ActiveCfg = Debug|Any CPU
		{D8386E4B-7744-4A65-928B-E22D85699916}.Debug|x86.Build.0 = Debug|Any CPU
		{D8386E4B-7744-4A65-928B-E22D85699916}.Release|Any CPU.ActiveCfg = Release|Any CPU
		{D8386E4B-7744-4A65-928B-E22D85699916}.Release|Any CPU.Build.0 = Release|Any CPU
		{D8386E4B-7744-4A65-928B-E22D85699916}.Release|x64.ActiveCfg = Release|Any CPU
		{D8386E4B-7744-4A65-928B-E22D85699916}.Release|x64.Build.0 = Release|Any CPU
		{D8386E4B-7744-4A65-928B-E22D85699916}.Release|x86.ActiveCfg = Release|Any CPU
		{D8386E4B-7744-4A65-928B-E22D85699916}.Release|x86.Build.0 = Release|Any CPU
		{EB1E4922-9C90-2500-FF06-AFC1502A5D63}.Debug|Any CPU.ActiveCfg = Debug|Any CPU
		{EB1E4922-9C90-2500-FF06-AFC1502A5D63}.Debug|Any CPU.Build.0 = Debug|Any CPU
		{EB1E4922-9C90-2500-FF06-AFC1502A5D63}.Debug|x64.ActiveCfg = Debug|Any CPU
		{EB1E4922-9C90-2500-FF06-AFC1502A5D63}.Debug|x64.Build.0 = Debug|Any CPU
		{EB1E4922-9C90-2500-FF06-AFC1502A5D63}.Debug|x86.ActiveCfg = Debug|Any CPU
		{EB1E4922-9C90-2500-FF06-AFC1502A5D63}.Debug|x86.Build.0 = Debug|Any CPU
		{EB1E4922-9C90-2500-FF06-AFC1502A5D63}.Release|Any CPU.ActiveCfg = Release|Any CPU
		{EB1E4922-9C90-2500-FF06-AFC1502A5D63}.Release|Any CPU.Build.0 = Release|Any CPU
		{EB1E4922-9C90-2500-FF06-AFC1502A5D63}.Release|x64.ActiveCfg = Release|Any CPU
		{EB1E4922-9C90-2500-FF06-AFC1502A5D63}.Release|x64.Build.0 = Release|Any CPU
		{EB1E4922-9C90-2500-FF06-AFC1502A5D63}.Release|x86.ActiveCfg = Release|Any CPU
		{EB1E4922-9C90-2500-FF06-AFC1502A5D63}.Release|x86.Build.0 = Release|Any CPU
	EndGlobalSection
	GlobalSection(SolutionProperties) = preSolution
		HideSolutionNode = FALSE
	EndGlobalSection
	GlobalSection(ExtensibilityGlobals) = postSolution
		SolutionGuid = {67C5ECF8-D65A-4D16-BAC6-EAE63450A728}
	EndGlobalSection
EndGlobal
